
Microsoft Visual Studio Solution File, Format Version 12.00
# Visual Studio 15
VisualStudioVersion = 15.0.26730.16
MinimumVisualStudioVersion = 10.0.40219.1
Project("{FAE04EC0-301F-11D3-BF4B-00C04F79EFBC}") = "ZX.Data.View", "ZX.Data.View\ZX.Data.View.csproj", "{D461481A-931F-4FDC-A020-AD594C06E511}"
EndProject
Global
	GlobalSection(SolutionConfigurationPlatforms) = preSolution
		Debug|Any CPU = Debug|Any CPU
		Release|Any CPU = Release|Any CPU
	EndGlobalSection
	GlobalSection(ProjectConfigurationPlatforms) = postSolution
		{D461481A-931F-4FDC-A020-AD594C06E511}.Debug|Any CPU.ActiveCfg = Debug|Any CPU
		{D461481A-931F-4FDC-A020-AD594C06E511}.Debug|Any CPU.Build.0 = Debug|Any CPU
		{D461481A-931F-4FDC-A020-AD594C06E511}.Release|Any CPU.ActiveCfg = Release|Any CPU
		{D461481A-931F-4FDC-A020-AD594C06E511}.Release|Any CPU.Build.0 = Release|Any CPU
	EndGlobalSection
	GlobalSection(SolutionProperties) = preSolution
		HideSolutionNode = FALSE
	EndGlobalSection
	GlobalSection(ExtensibilityGlobals) = postSolution
		SolutionGuid = {911BABC5-FDDF-4951-AD16-AEF86DF94AE4}
	EndGlobalSection
EndGlobal
